
Microsoft Visual Studio Solution File, Format Version 12.00
# Visual Studio Version 17
VisualStudioVersion = 17.5.002.0
MinimumVisualStudioVersion = 10.0.40219.1
Project("{2150E333-8FDC-42A3-9474-1A3956D46DE8}") = "csharp-prep", "csharp-prep", "{F89D0227-9E51-423E-93E0-0031230E201F}"
EndProject
Project("{9A19103F-16F7-4668-BE54-9A1E7A4F7556}") = "Prep1", "csharp-prep\Prep1\Prep1.csproj", "{23F3742C-E72C-4E38-B7EA-CB0B1CBD5448}"
EndProject
Project("{9A19103F-16F7-4668-BE54-9A1E7A4F7556}") = "Prep2", "csharp-prep\Prep2\Prep2.csproj", "{85A56565-30F3-438D-983A-7008BB467706}"
EndProject
Project("{9A19103F-16F7-4668-BE54-9A1E7A4F7556}") = "Prep3", "csharp-prep\Prep3\Prep3.csproj", "{37157280-D66E-428F-A55E-08A50E92EAEA}"
EndProject
Project("{9A19103F-16F7-4668-BE54-9A1E7A4F7556}") = "Prep4", "csharp-prep\Prep4\Prep4.csproj", "{9551729D-1737-418C-9327-47F4C1F6819A}"
EndProject
Project("{9A19103F-16F7-4668-BE54-9A1E7A4F7556}") = "Prep5", "csharp-prep\Prep5\Prep5.csproj", "{D704A985-8431-45E5-8379-30E3AD342E9D}"
EndProject
Project("{2150E333-8FDC-42A3-9474-1A3956D46DE8}") = "final", "final", "{E02FE1DA-7342-4234-BAEA-27144DBC66E9}"
EndProject
Project("{9A19103F-16F7-4668-BE54-9A1E7A4F7556}") = "FinalProject", "final\FinalProject\FinalProject.csproj", "{C2E83B9C-5644-4889-A418-808442F64F30}"
EndProject
Project("{9A19103F-16F7-4668-BE54-9A1E7A4F7556}") = "Foundation1", "final\Foundation1\Foundation1.csproj", "{233DD40C-59D9-4210-A204-D3738FE0038E}"
EndProject
Project("{9A19103F-16F7-4668-BE54-9A1E7A4F7556}") = "Foundation2", "final\Foundation2\Foundation2.csproj", "{936A80DB-BDDC-4551-AB8C-49E32E5C7350}"
EndProject
Project("{9A19103F-16F7-4668-BE54-9A1E7A4F7556}") = "Foundation3", "final\Foundation3\Foundation3.csproj", "{B74301A8-BE63-4918-8D85-37D05B9470C5}"
EndProject
Project("{9A19103F-16F7-4668-BE54-9A1E7A4F7556}") = "Foundation4", "final\Foundation4\Foundation4.csproj", "{02C5421E-4E4B-4CB1-94F2-C2ADFE9D720D}"
EndProject
Project("{2150E333-8FDC-42A3-9474-1A3956D46DE8}") = "prepare", "prepare", "{4AB81AF3-6ED3-4A02-9386-C0E2CF8EA0F3}"
EndProject
Project("{9A19103F-16F7-4668-BE54-9A1E7A4F7556}") = "Learning02", "prepare\Learning02\Learning02.csproj", "{FB1A19F9-1FE4-4D1D-99F9-8F57BB3E5A60}"
EndProject
Project("{9A19103F-16F7-4668-BE54-9A1E7A4F7556}") = "Learning03", "prepare\Learning03\Learning03.csproj", "{37D424FE-E753-4A85-88F0-EC736B903AB4}"
EndProject
Project("{9A19103F-16F7-4668-BE54-9A1E7A4F7556}") = "Learning04", "prepare\Learning04\Learning04.csproj", "{7DA10724-C21C-4483-8F91-99DB998983CE}"
EndProject
Project("{9A19103F-16F7-4668-BE54-9A1E7A4F7556}") = "Learning05", "prepare\Learning05\Learning05.csproj", "{173CFE00-0AD2-4357-AF72-145F7CBC4F49}"
EndProject
Project("{2150E333-8FDC-42A3-9474-1A3956D46DE8}") = "prove", "prove", "{95CD9028-5A4C-4DA0-B274-585B62610125}"
EndProject
Project("{9A19103F-16F7-4668-BE54-9A1E7A4F7556}") = "Develop02", "prove\Develop02\Develop02.csproj", "{59A40C8B-C127-45A1-B3C9-A1B585AF3037}"
EndProject
Project("{9A19103F-16F7-4668-BE54-9A1E7A4F7556}") = "Develop03", "prove\Develop03\Develop03.csproj", "{0107C796-BBD5-4245-94C8-CC78C4C702B0}"
EndProject
Project("{9A19103F-16F7-4668-BE54-9A1E7A4F7556}") = "Develop04", "prove\Develop04\Develop04.csproj", "{AF5812D9-9907-40D2-9273-D2786324C43F}"
EndProject
Project("{9A19103F-16F7-4668-BE54-9A1E7A4F7556}") = "Develop05", "prove\Develop05\Develop05.csproj", "{F5DA6378-5005-45F9-84F9-C032C70882A7}"
EndProject
Project("{2150E333-8FDC-42A3-9474-1A3956D46DE8}") = "sandbox", "sandbox", "{01BD639D-D4B5-43B1-A38E-C7E1684C021C}"
EndProject
Project("{9A19103F-16F7-4668-BE54-9A1E7A4F7556}") = "Sandbox", "sandbox\Sandbox\Sandbox.csproj", "{910E0D92-8D40-40EC-9271-351F2F7AA44D}"
EndProject
Global
	GlobalSection(SolutionConfigurationPlatforms) = preSolution
		Debug|Any CPU = Debug|Any CPU
		Release|Any CPU = Release|Any CPU
	EndGlobalSection
	GlobalSection(ProjectConfigurationPlatforms) = postSolution
		{23F3742C-E72C-4E38-B7EA-CB0B1CBD5448}.Debug|Any CPU.ActiveCfg = Debug|Any CPU
		{23F3742C-E72C-4E38-B7EA-CB0B1CBD5448}.Debug|Any CPU.Build.0 = Debug|Any CPU
		{23F3742C-E72C-4E38-B7EA-CB0B1CBD5448}.Release|Any CPU.ActiveCfg = Release|Any CPU
		{23F3742C-E72C-4E38-B7EA-CB0B1CBD5448}.Release|Any CPU.Build.0 = Release|Any CPU
		{85A56565-30F3-438D-983A-7008BB467706}.Debug|Any CPU.ActiveCfg = Debug|Any CPU
		{85A56565-30F3-438D-983A-7008BB467706}.Debug|Any CPU.Build.0 = Debug|Any CPU
		{85A56565-30F3-438D-983A-7008BB467706}.Release|Any CPU.ActiveCfg = Release|Any CPU
		{85A56565-30F3-438D-983A-7008BB467706}.Release|Any CPU.Build.0 = Release|Any CPU
		{37157280-D66E-428F-A55E-08A50E92EAEA}.Debug|Any CPU.ActiveCfg = Debug|Any CPU
		{37157280-D66E-428F-A55E-08A50E92EAEA}.Debug|Any CPU.Build.0 = Debug|Any CPU
		{37157280-D66E-428F-A55E-08A50E92EAEA}.Release|Any CPU.ActiveCfg = Release|Any CPU
		{37157280-D66E-428F-A55E-08A50E92EAEA}.Release|Any CPU.Build.0 = Release|Any CPU
		{9551729D-1737-418C-9327-47F4C1F6819A}.Debug|Any CPU.ActiveCfg = Debug|Any CPU
		{9551729D-1737-418C-9327-47F4C1F6819A}.Debug|Any CPU.Build.0 = Debug|Any CPU
		{9551729D-1737-418C-9327-47F4C1F6819A}.Release|Any CPU.ActiveCfg = Release|Any CPU
		{9551729D-1737-418C-9327-47F4C1F6819A}.Release|Any CPU.Build.0 = Release|Any CPU
		{D704A985-8431-45E5-8379-30E3AD342E9D}.Debug|Any CPU.ActiveCfg = Debug|Any CPU
		{D704A985-8431-45E5-8379-30E3AD342E9D}.Debug|Any CPU.Build.0 = Debug|Any CPU
		{D704A985-8431-45E5-8379-30E3AD342E9D}.Release|Any CPU.ActiveCfg = Release|Any CPU
		{D704A985-8431-45E5-8379-30E3AD342E9D}.Release|Any CPU.Build.0 = Release|Any CPU
		{C2E83B9C-5644-4889-A418-808442F64F30}.Debug|Any CPU.ActiveCfg = Debug|Any CPU
		{C2E83B9C-5644-4889-A418-808442F64F30}.Debug|Any CPU.Build.0 = Debug|Any CPU
		{C2E83B9C-5644-4889-A418-808442F64F30}.Release|Any CPU.ActiveCfg = Release|Any CPU
		{C2E83B9C-5644-4889-A418-808442F64F30}.Release|Any CPU.Build.0 = Release|Any CPU
		{233DD40C-59D9-4210-A204-D3738FE0038E}.Debug|Any CPU.ActiveCfg = Debug|Any CPU
		{233DD40C-59D9-4210-A204-D3738FE0038E}.Debug|Any CPU.Build.0 = Debug|Any CPU
		{233DD40C-59D9-4210-A204-D3738FE0038E}.Release|Any CPU.ActiveCfg = Release|Any CPU
		{233DD40C-59D9-4210-A204-D3738FE0038E}.Release|Any CPU.Build.0 = Release|Any CPU
		{936A80DB-BDDC-4551-AB8C-49E32E5C7350}.Debug|Any CPU.ActiveCfg = Debug|Any CPU
		{936A80DB-BDDC-4551-AB8C-49E32E5C7350}.Debug|Any CPU.Build.0 = Debug|Any CPU
		{936A80DB-BDDC-4551-AB8C-49E32E5C7350}.Release|Any CPU.ActiveCfg = Release|Any CPU
		{936A80DB-BDDC-4551-AB8C-49E32E5C7350}.Release|Any CPU.Build.0 = Release|Any CPU
		{B74301A8-BE63-4918-8D85-37D05B9470C5}.Debug|Any CPU.ActiveCfg = Debug|Any CPU
		{B74301A8-BE63-4918-8D85-37D05B9470C5}.Debug|Any CPU.Build.0 = Debug|Any CPU
		{B74301A8-BE63-4918-8D85-37D05B9470C5}.Release|Any CPU.ActiveCfg = Release|Any CPU
		{B74301A8-BE63-4918-8D85-37D05B9470C5}.Release|Any CPU.Build.0 = Release|Any CPU
		{02C5421E-4E4B-4CB1-94F2-C2ADFE9D720D}.Debug|Any CPU.ActiveCfg = Debug|Any CPU
		{02C5421E-4E4B-4CB1-94F2-C2ADFE9D720D}.Debug|Any CPU.Build.0 = Debug|Any CPU
		{02C5421E-4E4B-4CB1-94F2-C2ADFE9D720D}.Release|Any CPU.ActiveCfg = Release|Any CPU
		{02C5421E-4E4B-4CB1-94F2-C2ADFE9D720D}.Release|Any CPU.Build.0 = Release|Any CPU
		{FB1A19F9-1FE4-4D1D-99F9-8F57BB3E5A60}.Debug|Any CPU.ActiveCfg = Debug|Any CPU
		{FB1A19F9-1FE4-4D1D-99F9-8F57BB3E5A60}.Debug|Any CPU.Build.0 = Debug|Any CPU
		{FB1A19F9-1FE4-4D1D-99F9-8F57BB3E5A60}.Release|Any CPU.ActiveCfg = Release|Any CPU
		{FB1A19F9-1FE4-4D1D-99F9-8F57BB3E5A60}.Release|Any CPU.Build.0 = Release|Any CPU
		{37D424FE-E753-4A85-88F0-EC736B903AB4}.Debug|Any CPU.ActiveCfg = Debug|Any CPU
		{37D424FE-E753-4A85-88F0-EC736B903AB4}.Debug|Any CPU.Build.0 = Debug|Any CPU
		{37D424FE-E753-4A85-88F0-EC736B903AB4}.Release|Any CPU.ActiveCfg = Release|Any CPU
		{37D424FE-E753-4A85-88F0-EC736B903AB4}.Release|Any CPU.Build.0 = Release|Any CPU
		{7DA10724-C21C-4483-8F91-99DB998983CE}.Debug|Any CPU.ActiveCfg = Debug|Any CPU
		{7DA10724-C21C-4483-8F91-99DB998983CE}.Debug|Any CPU.Build.0 = Debug|Any CPU
		{7DA10724-C21C-4483-8F91-99DB998983CE}.Release|Any CPU.ActiveCfg = Release|Any CPU
		{7DA10724-C21C-4483-8F91-99DB998983CE}.Release|Any CPU.Build.0 = Release|Any CPU
		{173CFE00-0AD2-4357-AF72-145F7CBC4F49}.Debug|Any CPU.ActiveCfg = Debug|Any CPU
		{173CFE00-0AD2-4357-AF72-145F7CBC4F49}.Debug|Any CPU.Build.0 = Debug|Any CPU
		{173CFE00-0AD2-4357-AF72-145F7CBC4F49}.Release|Any CPU.ActiveCfg = Release|Any CPU
		{173CFE00-0AD2-4357-AF72-145F7CBC4F49}.Release|Any CPU.Build.0 = Release|Any CPU
		{59A40C8B-C127-45A1-B3C9-A1B585AF3037}.Debug|Any CPU.ActiveCfg = Debug|Any CPU
		{59A40C8B-C127-45A1-B3C9-A1B585AF3037}.Debug|Any CPU.Build.0 = Debug|Any CPU
		{59A40C8B-C127-45A1-B3C9-A1B585AF3037}.Release|Any CPU.ActiveCfg = Release|Any CPU
		{59A40C8B-C127-45A1-B3C9-A1B585AF3037}.Release|Any CPU.Build.0 = Release|Any CPU
		{0107C796-BBD5-4245-94C8-CC78C4C702B0}.Debug|Any CPU.ActiveCfg = Debug|Any CPU
		{0107C796-BBD5-4245-94C8-CC78C4C702B0}.Debug|Any CPU.Build.0 = Debug|Any CPU
		{0107C796-BBD5-4245-94C8-CC78C4C702B0}.Release|Any CPU.ActiveCfg = Release|Any CPU
		{0107C796-BBD5-4245-94C8-CC78C4C702B0}.Release|Any CPU.Build.0 = Release|Any CPU
		{AF5812D9-9907-40D2-9273-D2786324C43F}.Debug|Any CPU.ActiveCfg = Debug|Any CPU
		{AF5812D9-9907-40D2-9273-D2786324C43F}.Debug|Any CPU.Build.0 = Debug|Any CPU
		{AF5812D9-9907-40D2-9273-D2786324C43F}.Release|Any CPU.ActiveCfg = Release|Any CPU
		{AF5812D9-9907-40D2-9273-D2786324C43F}.Release|Any CPU.Build.0 = Release|Any CPU
		{F5DA6378-5005-45F9-84F9-C032C70882A7}.Debug|Any CPU.ActiveCfg = Debug|Any CPU
		{F5DA6378-5005-45F9-84F9-C032C70882A7}.Debug|Any CPU.Build.0 = Debug|Any CPU
		{F5DA6378-5005-45F9-84F9-C032C70882A7}.Release|Any CPU.ActiveCfg = Release|Any CPU
		{F5DA6378-5005-45F9-84F9-C032C70882A7}.Release|Any CPU.Build.0 = Release|Any CPU
		{910E0D92-8D40-40EC-9271-351F2F7AA44D}.Debug|Any CPU.ActiveCfg = Debug|Any CPU
		{910E0D92-8D40-40EC-9271-351F2F7AA44D}.Debug|Any CPU.Build.0 = Debug|Any CPU
		{910E0D92-8D40-40EC-9271-351F2F7AA44D}.Release|Any CPU.ActiveCfg = Release|Any CPU
		{910E0D92-8D40-40EC-9271-351F2F7AA44D}.Release|Any CPU.Build.0 = Release|Any CPU
	EndGlobalSection
	GlobalSection(SolutionProperties) = preSolution
		HideSolutionNode = FALSE
	EndGlobalSection
	GlobalSection(NestedProjects) = preSolution
		{23F3742C-E72C-4E38-B7EA-CB0B1CBD5448} = {F89D0227-9E51-423E-93E0-0031230E201F}
		{85A56565-30F3-438D-983A-7008BB467706} = {F89D0227-9E51-423E-93E0-0031230E201F}
		{37157280-D66E-428F-A55E-08A50E92EAEA} = {F89D0227-9E51-423E-93E0-0031230E201F}
		{9551729D-1737-418C-9327-47F4C1F6819A} = {F89D0227-9E51-423E-93E0-0031230E201F}
		{D704A985-8431-45E5-8379-30E3AD342E9D} = {F89D0227-9E51-423E-93E0-0031230E201F}
		{C2E83B9C-5644-4889-A418-808442F64F30} = {E02FE1DA-7342-4234-BAEA-27144DBC66E9}
		{233DD40C-59D9-4210-A204-D3738FE0038E} = {E02FE1DA-7342-4234-BAEA-27144DBC66E9}
		{936A80DB-BDDC-4551-AB8C-49E32E5C7350} = {E02FE1DA-7342-4234-BAEA-27144DBC66E9}
		{B74301A8-BE63-4918-8D85-37D05B9470C5} = {E02FE1DA-7342-4234-BAEA-27144DBC66E9}
		{02C5421E-4E4B-4CB1-94F2-C2ADFE9D720D} = {E02FE1DA-7342-4234-BAEA-27144DBC66E9}
		{FB1A19F9-1FE4-4D1D-99F9-8F57BB3E5A60} = {4AB81AF3-6ED3-4A02-9386-C0E2CF8EA0F3}
		{37D424FE-E753-4A85-88F0-EC736B903AB4} = {4AB81AF3-6ED3-4A02-9386-C0E2CF8EA0F3}
		{7DA10724-C21C-4483-8F91-99DB998983CE} = {4AB81AF3-6ED3-4A02-9386-C0E2CF8EA0F3}
		{173CFE00-0AD2-4357-AF72-145F7CBC4F49} = {4AB81AF3-6ED3-4A02-9386-C0E2CF8EA0F3}
		{59A40C8B-C127-45A1-B3C9-A1B585AF3037} = {95CD9028-5A4C-4DA0-B274-585B62610125}
		{0107C796-BBD5-4245-94C8-CC78C4C702B0} = {95CD9028-5A4C-4DA0-B274-585B62610125}
		{AF5812D9-9907-40D2-9273-D2786324C43F} = {95CD9028-5A4C-4DA0-B274-585B62610125}
		{F5DA6378-5005-45F9-84F9-C032C70882A7} = {95CD9028-5A4C-4DA0-B274-585B62610125}
		{910E0D92-8D40-40EC-9271-351F2F7AA44D} = {01BD639D-D4B5-43B1-A38E-C7E1684C021C}
	EndGlobalSection
	GlobalSection(ExtensibilityGlobals) = postSolution
		SolutionGuid = {29BBB664-DCA1-4210-8AC6-BD6C0E1BE56C}
	EndGlobalSection
EndGlobal
